
Microsoft Visual Studio Solution File, Format Version 12.00
# Visual Studio Version 17
VisualStudioVersion = 17.11.35222.181
MinimumVisualStudioVersion = 10.0.40219.1
Project("{FAE04EC0-301F-11D3-BF4B-00C04F79EFBC}") = "WF1", "WF1\WF1.csproj", "{2851C70A-CA25-4BC6-9B57-204F235CED64}"
EndProject
Global
	GlobalSection(SolutionConfigurationPlatforms) = preSolution
		Debug|Any CPU = Debug|Any CPU
		Release|Any CPU = Release|Any CPU
	EndGlobalSection
	GlobalSection(ProjectConfigurationPlatforms) = postSolution
		{2851C70A-CA25-4BC6-9B57-204F235CED64}.Debug|Any CPU.ActiveCfg = Debug|Any CPU
		{2851C70A-CA25-4BC6-9B57-204F235CED64}.Debug|Any CPU.Build.0 = Debug|Any CPU
		{2851C70A-CA25-4BC6-9B57-204F235CED64}.Release|Any CPU.ActiveCfg = Release|Any CPU
		{2851C70A-CA25-4BC6-9B57-204F235CED64}.Release|Any CPU.Build.0 = Release|Any CPU
	EndGlobalSection
	GlobalSection(SolutionProperties) = preSolution
		HideSolutionNode = FALSE
	EndGlobalSection
	GlobalSection(ExtensibilityGlobals) = postSolution
		SolutionGuid = {B897A1C1-5FF8-4F3E-A825-713B28A330AD}
	EndGlobalSection
EndGlobal
